// !$*UTF8*$!
{
	archiveVersion = 1;
	classes = {
	};
	objectVersion = 46;
	objects = {

/* Begin PBXBuildFile section */
		911CA87B1DAB3A8200A9A0C4 /* NavigationVC.swift in Sources */ = {isa = PBXBuildFile; fileRef = 911CA87A1DAB3A8200A9A0C4 /* NavigationVC.swift */; };
		913CF91D1DA99A7500760749 /* AppDelegate.swift in Sources */ = {isa = PBXBuildFile; fileRef = 913CF91C1DA99A7500760749 /* AppDelegate.swift */; };
		913CF9201DA99A7500760749 /* QR_Mapas.xcdatamodeld in Sources */ = {isa = PBXBuildFile; fileRef = 913CF91E1DA99A7500760749 /* QR_Mapas.xcdatamodeld */; };
		913CF9221DA99A7500760749 /* MasterViewController.swift in Sources */ = {isa = PBXBuildFile; fileRef = 913CF9211DA99A7500760749 /* MasterViewController.swift */; };
		913CF9241DA99A7600760749 /* DetailViewController.swift in Sources */ = {isa = PBXBuildFile; fileRef = 913CF9231DA99A7600760749 /* DetailViewController.swift */; };
		913CF9271DA99A7600760749 /* Main.storyboard in Resources */ = {isa = PBXBuildFile; fileRef = 913CF9251DA99A7600760749 /* Main.storyboard */; };
		913CF9291DA99A7600760749 /* Assets.xcassets in Resources */ = {isa = PBXBuildFile; fileRef = 913CF9281DA99A7600760749 /* Assets.xcassets */; };
		913CF92C1DA99A7600760749 /* LaunchScreen.storyboard in Resources */ = {isa = PBXBuildFile; fileRef = 913CF92A1DA99A7600760749 /* LaunchScreen.storyboard */; };
		913CF93A1DA9C07400760749 /* MapsVC.swift in Sources */ = {isa = PBXBuildFile; fileRef = 913CF9391DA9C07400760749 /* MapsVC.swift */; };
		913CF93C1DAAFB4400760749 /* PINDetailsVC.swift in Sources */ = {isa = PBXBuildFile; fileRef = 913CF93B1DAAFB4400760749 /* PINDetailsVC.swift */; };
		91641C281DBE8A3F00973799 /* CustomTableViewCell.swift in Sources */ = {isa = PBXBuildFile; fileRef = 91641C271DBE8A3F00973799 /* CustomTableViewCell.swift */; };
		91641C2A1DBE8BDF00973799 /* event.jpg in Resources */ = {isa = PBXBuildFile; fileRef = 91641C291DBE8BDF00973799 /* event.jpg */; };
		91B99F311DBD440300528E0F /* ShowSavedRouteVC.swift in Sources */ = {isa = PBXBuildFile; fileRef = 91B99F301DBD440300528E0F /* ShowSavedRouteVC.swift */; };
		91B99F391DBDA8E400528E0F /* ARAnnotation.swift in Sources */ = {isa = PBXBuildFile; fileRef = 91B99F341DBDA8E400528E0F /* ARAnnotation.swift */; };
		91B99F3A1DBDA8E400528E0F /* ARAnnotationView.swift in Sources */ = {isa = PBXBuildFile; fileRef = 91B99F351DBDA8E400528E0F /* ARAnnotationView.swift */; };
		91B99F3B1DBDA8E400528E0F /* ARConfiguration.swift in Sources */ = {isa = PBXBuildFile; fileRef = 91B99F361DBDA8E400528E0F /* ARConfiguration.swift */; };
		91B99F3C1DBDA8E400528E0F /* ARTrackingManager.swift in Sources */ = {isa = PBXBuildFile; fileRef = 91B99F371DBDA8E400528E0F /* ARTrackingManager.swift */; };
		91B99F3D1DBDA8E400528E0F /* ARViewController.swift in Sources */ = {isa = PBXBuildFile; fileRef = 91B99F381DBDA8E400528E0F /* ARViewController.swift */; };
		91B99F3F1DBDA8EC00528E0F /* DebugMapViewController.swift in Sources */ = {isa = PBXBuildFile; fileRef = 91B99F3E1DBDA8EC00528E0F /* DebugMapViewController.swift */; };
		91B99F451DBDA8F400528E0F /* DebugMapViewController.xib in Resources */ = {isa = PBXBuildFile; fileRef = 91B99F411DBDA8F400528E0F /* DebugMapViewController.xib */; };
		91B99F461DBDA8F400528E0F /* hdar_close.png in Resources */ = {isa = PBXBuildFile; fileRef = 91B99F421DBDA8F400528E0F /* hdar_close.png */; };
		91B99F471DBDA8F400528E0F /* hdar_close@2x.png in Resources */ = {isa = PBXBuildFile; fileRef = 91B99F431DBDA8F400528E0F /* hdar_close@2x.png */; };
		91B99F481DBDA8F400528E0F /* hdar_close@3x.png in Resources */ = {isa = PBXBuildFile; fileRef = 91B99F441DBDA8F400528E0F /* hdar_close@3x.png */; };
		91B99F4A1DBDA91A00528E0F /* TestAnnotationView.swift in Sources */ = {isa = PBXBuildFile; fileRef = 91B99F491DBDA91A00528E0F /* TestAnnotationView.swift */; };
		91B99F4C1DBDBFB100528E0F /* EventsVC.swift in Sources */ = {isa = PBXBuildFile; fileRef = 91B99F4B1DBDBFB100528E0F /* EventsVC.swift */; };
		91B99F4E1DBDC76A00528E0F /* EventDetailsVC.swift in Sources */ = {isa = PBXBuildFile; fileRef = 91B99F4D1DBDC76A00528E0F /* EventDetailsVC.swift */; };
		91CE55D71DBC09F900B208CC /* SavedRoutesVC.swift in Sources */ = {isa = PBXBuildFile; fileRef = 91CE55D61DBC09F900B208CC /* SavedRoutesVC.swift */; };
/* End PBXBuildFile section */

/* Begin PBXCopyFilesBuildPhase section */
		91C9ED9A1DAB419C000F58E6 /* Embed Watch Content */ = {
			isa = PBXCopyFilesBuildPhase;
			buildActionMask = 2147483647;
			dstPath = "$(CONTENTS_FOLDER_PATH)/Watch";
			dstSubfolderSpec = 16;
			files = (
			);
			name = "Embed Watch Content";
			runOnlyForDeploymentPostprocessing = 0;
		};
/* End PBXCopyFilesBuildPhase section */

/* Begin PBXFileReference section */
		911CA87A1DAB3A8200A9A0C4 /* NavigationVC.swift */ = {isa = PBXFileReference; fileEncoding = 4; lastKnownFileType = sourcecode.swift; path = NavigationVC.swift; sourceTree = "<group>"; };
		913CF9191DA99A7500760749 /* QR_Mapas.app */ = {isa = PBXFileReference; explicitFileType = wrapper.application; includeInIndex = 0; path = QR_Mapas.app; sourceTree = BUILT_PRODUCTS_DIR; };
		913CF91C1DA99A7500760749 /* AppDelegate.swift */ = {isa = PBXFileReference; lastKnownFileType = sourcecode.swift; path = AppDelegate.swift; sourceTree = "<group>"; };
		913CF91F1DA99A7500760749 /* QR_Mapas.xcdatamodel */ = {isa = PBXFileReference; lastKnownFileType = wrapper.xcdatamodel; path = QR_Mapas.xcdatamodel; sourceTree = "<group>"; };
		913CF9211DA99A7500760749 /* MasterViewController.swift */ = {isa = PBXFileReference; lastKnownFileType = sourcecode.swift; path = MasterViewController.swift; sourceTree = "<group>"; };
		913CF9231DA99A7600760749 /* DetailViewController.swift */ = {isa = PBXFileReference; lastKnownFileType = sourcecode.swift; path = DetailViewController.swift; sourceTree = "<group>"; };
		913CF9261DA99A7600760749 /* Base */ = {isa = PBXFileReference; lastKnownFileType = file.storyboard; name = Base; path = Base.lproj/Main.storyboard; sourceTree = "<group>"; };
		913CF9281DA99A7600760749 /* Assets.xcassets */ = {isa = PBXFileReference; lastKnownFileType = folder.assetcatalog; path = Assets.xcassets; sourceTree = "<group>"; };
		913CF92B1DA99A7600760749 /* Base */ = {isa = PBXFileReference; lastKnownFileType = file.storyboard; name = Base; path = Base.lproj/LaunchScreen.storyboard; sourceTree = "<group>"; };
		913CF92D1DA99A7600760749 /* Info.plist */ = {isa = PBXFileReference; lastKnownFileType = text.plist.xml; path = Info.plist; sourceTree = "<group>"; };
		913CF9391DA9C07400760749 /* MapsVC.swift */ = {isa = PBXFileReference; fileEncoding = 4; lastKnownFileType = sourcecode.swift; path = MapsVC.swift; sourceTree = "<group>"; };
		913CF93B1DAAFB4400760749 /* PINDetailsVC.swift */ = {isa = PBXFileReference; fileEncoding = 4; lastKnownFileType = sourcecode.swift; path = PINDetailsVC.swift; sourceTree = "<group>"; };
		91641C271DBE8A3F00973799 /* CustomTableViewCell.swift */ = {isa = PBXFileReference; fileEncoding = 4; lastKnownFileType = sourcecode.swift; path = CustomTableViewCell.swift; sourceTree = "<group>"; };
		91641C291DBE8BDF00973799 /* event.jpg */ = {isa = PBXFileReference; lastKnownFileType = image.jpeg; path = event.jpg; sourceTree = "<group>"; };
		91B99F301DBD440300528E0F /* ShowSavedRouteVC.swift */ = {isa = PBXFileReference; fileEncoding = 4; lastKnownFileType = sourcecode.swift; path = ShowSavedRouteVC.swift; sourceTree = "<group>"; };
		91B99F341DBDA8E400528E0F /* ARAnnotation.swift */ = {isa = PBXFileReference; fileEncoding = 4; lastKnownFileType = sourcecode.swift; path = ARAnnotation.swift; sourceTree = "<group>"; };
		91B99F351DBDA8E400528E0F /* ARAnnotationView.swift */ = {isa = PBXFileReference; fileEncoding = 4; lastKnownFileType = sourcecode.swift; path = ARAnnotationView.swift; sourceTree = "<group>"; };
		91B99F361DBDA8E400528E0F /* ARConfiguration.swift */ = {isa = PBXFileReference; fileEncoding = 4; lastKnownFileType = sourcecode.swift; path = ARConfiguration.swift; sourceTree = "<group>"; };
		91B99F371DBDA8E400528E0F /* ARTrackingManager.swift */ = {isa = PBXFileReference; fileEncoding = 4; lastKnownFileType = sourcecode.swift; path = ARTrackingManager.swift; sourceTree = "<group>"; };
		91B99F381DBDA8E400528E0F /* ARViewController.swift */ = {isa = PBXFileReference; fileEncoding = 4; lastKnownFileType = sourcecode.swift; path = ARViewController.swift; sourceTree = "<group>"; };
		91B99F3E1DBDA8EC00528E0F /* DebugMapViewController.swift */ = {isa = PBXFileReference; fileEncoding = 4; lastKnownFileType = sourcecode.swift; path = DebugMapViewController.swift; sourceTree = "<group>"; };
		91B99F411DBDA8F400528E0F /* DebugMapViewController.xib */ = {isa = PBXFileReference; fileEncoding = 4; lastKnownFileType = file.xib; path = DebugMapViewController.xib; sourceTree = "<group>"; };
		91B99F421DBDA8F400528E0F /* hdar_close.png */ = {isa = PBXFileReference; lastKnownFileType = image.png; path = hdar_close.png; sourceTree = "<group>"; };
		91B99F431DBDA8F400528E0F /* hdar_close@2x.png */ = {isa = PBXFileReference; lastKnownFileType = image.png; path = "hdar_close@2x.png"; sourceTree = "<group>"; };
		91B99F441DBDA8F400528E0F /* hdar_close@3x.png */ = {isa = PBXFileReference; lastKnownFileType = image.png; path = "hdar_close@3x.png"; sourceTree = "<group>"; };
		91B99F491DBDA91A00528E0F /* TestAnnotationView.swift */ = {isa = PBXFileReference; fileEncoding = 4; lastKnownFileType = sourcecode.swift; path = TestAnnotationView.swift; sourceTree = "<group>"; };
		91B99F4B1DBDBFB100528E0F /* EventsVC.swift */ = {isa = PBXFileReference; fileEncoding = 4; lastKnownFileType = sourcecode.swift; path = EventsVC.swift; sourceTree = "<group>"; };
		91B99F4D1DBDC76A00528E0F /* EventDetailsVC.swift */ = {isa = PBXFileReference; fileEncoding = 4; lastKnownFileType = sourcecode.swift; path = EventDetailsVC.swift; sourceTree = "<group>"; };
		91C9ED9D1DAB42C9000F58E6 /* QR_Mapas_Watch-Bridging-Header.h */ = {isa = PBXFileReference; lastKnownFileType = sourcecode.c.h; path = "QR_Mapas_Watch-Bridging-Header.h"; sourceTree = "<group>"; };
		91C9EDA01DABE824000F58E6 /* QR_Mapas.entitlements */ = {isa = PBXFileReference; lastKnownFileType = text.xml; path = QR_Mapas.entitlements; sourceTree = "<group>"; };
		91CE55D61DBC09F900B208CC /* SavedRoutesVC.swift */ = {isa = PBXFileReference; fileEncoding = 4; lastKnownFileType = sourcecode.swift; path = SavedRoutesVC.swift; sourceTree = "<group>"; };
/* End PBXFileReference section */

/* Begin PBXFrameworksBuildPhase section */
		913CF9161DA99A7500760749 /* Frameworks */ = {
			isa = PBXFrameworksBuildPhase;
			buildActionMask = 2147483647;
			files = (
			);
			runOnlyForDeploymentPostprocessing = 0;
		};
/* End PBXFrameworksBuildPhase section */

/* Begin PBXGroup section */
		913CF9101DA99A7500760749 = {
			isa = PBXGroup;
			children = (
				91B99F401DBDA8F400528E0F /* Resources */,
				91B99F321DBDA87700528E0F /* Classes */,
				913CF91B1DA99A7500760749 /* QR_Mapas */,
				913CF91A1DA99A7500760749 /* Products */,
				91C9ED9D1DAB42C9000F58E6 /* QR_Mapas_Watch-Bridging-Header.h */,
			);
			sourceTree = "<group>";
		};
		913CF91A1DA99A7500760749 /* Products */ = {
			isa = PBXGroup;
			children = (
				913CF9191DA99A7500760749 /* QR_Mapas.app */,
			);
			name = Products;
			sourceTree = "<group>";
		};
		913CF91B1DA99A7500760749 /* QR_Mapas */ = {
			isa = PBXGroup;
			children = (
				91C9EDA01DABE824000F58E6 /* QR_Mapas.entitlements */,
				913CF9391DA9C07400760749 /* MapsVC.swift */,
				913CF91C1DA99A7500760749 /* AppDelegate.swift */,
				913CF9211DA99A7500760749 /* MasterViewController.swift */,
				913CF9231DA99A7600760749 /* DetailViewController.swift */,
				911CA87A1DAB3A8200A9A0C4 /* NavigationVC.swift */,
				91CE55D61DBC09F900B208CC /* SavedRoutesVC.swift */,
				91B99F301DBD440300528E0F /* ShowSavedRouteVC.swift */,
				913CF93B1DAAFB4400760749 /* PINDetailsVC.swift */,
				91B99F491DBDA91A00528E0F /* TestAnnotationView.swift */,
				913CF9251DA99A7600760749 /* Main.storyboard */,
				91641C271DBE8A3F00973799 /* CustomTableViewCell.swift */,
				91B99F4D1DBDC76A00528E0F /* EventDetailsVC.swift */,
				91B99F4B1DBDBFB100528E0F /* EventsVC.swift */,
				913CF9281DA99A7600760749 /* Assets.xcassets */,
				913CF92A1DA99A7600760749 /* LaunchScreen.storyboard */,
				913CF92D1DA99A7600760749 /* Info.plist */,
				913CF91E1DA99A7500760749 /* QR_Mapas.xcdatamodeld */,
			);
			path = QR_Mapas;
			sourceTree = "<group>";
		};
		91B99F321DBDA87700528E0F /* Classes */ = {
			isa = PBXGroup;
			children = (
				91B99F341DBDA8E400528E0F /* ARAnnotation.swift */,
				91B99F351DBDA8E400528E0F /* ARAnnotationView.swift */,
				91B99F361DBDA8E400528E0F /* ARConfiguration.swift */,
				91B99F371DBDA8E400528E0F /* ARTrackingManager.swift */,
				91B99F381DBDA8E400528E0F /* ARViewController.swift */,
				91B99F331DBDA8AA00528E0F /* Debug */,
			);
			name = Classes;
			sourceTree = "<group>";
		};
		91B99F331DBDA8AA00528E0F /* Debug */ = {
			isa = PBXGroup;
			children = (
				91B99F3E1DBDA8EC00528E0F /* DebugMapViewController.swift */,
			);
			name = Debug;
			sourceTree = "<group>";
		};
		91B99F401DBDA8F400528E0F /* Resources */ = {
			isa = PBXGroup;
			children = (
				91641C291DBE8BDF00973799 /* event.jpg */,
				91B99F411DBDA8F400528E0F /* DebugMapViewController.xib */,
				91B99F421DBDA8F400528E0F /* hdar_close.png */,
				91B99F431DBDA8F400528E0F /* hdar_close@2x.png */,
				91B99F441DBDA8F400528E0F /* hdar_close@3x.png */,
			);
			path = Resources;
			sourceTree = "<group>";
		};
/* End PBXGroup section */

/* Begin PBXNativeTarget section */
		913CF9181DA99A7500760749 /* QR_Mapas */ = {
			isa = PBXNativeTarget;
			buildConfigurationList = 913CF9301DA99A7600760749 /* Build configuration list for PBXNativeTarget "QR_Mapas" */;
			buildPhases = (
				913CF9151DA99A7500760749 /* Sources */,
				913CF9161DA99A7500760749 /* Frameworks */,
				913CF9171DA99A7500760749 /* Resources */,
				91C9ED9A1DAB419C000F58E6 /* Embed Watch Content */,
			);
			buildRules = (
			);
			dependencies = (
			);
			name = QR_Mapas;
			productName = QR_Mapas;
			productReference = 913CF9191DA99A7500760749 /* QR_Mapas.app */;
			productType = "com.apple.product-type.application";
		};
/* End PBXNativeTarget section */

/* Begin PBXProject section */
		913CF9111DA99A7500760749 /* Project object */ = {
			isa = PBXProject;
			attributes = {
				LastSwiftUpdateCheck = 0730;
				LastUpgradeCheck = 0800;
				ORGANIZATIONNAME = "Eliseo Fuentes";
				TargetAttributes = {
					913CF9181DA99A7500760749 = {
						CreatedOnToolsVersion = 7.3.1;
						DevelopmentTeam = SYEJ6UM9ES;
						LastSwiftMigration = 0800;
						SystemCapabilities = {
							com.apple.ApplicationGroups.iOS = {
								enabled = 1;
							};
						};
					};
				};
			};
			buildConfigurationList = 913CF9141DA99A7500760749 /* Build configuration list for PBXProject "QR_Mapas" */;
			compatibilityVersion = "Xcode 3.2";
			developmentRegion = English;
			hasScannedForEncodings = 0;
			knownRegions = (
				en,
				Base,
			);
			mainGroup = 913CF9101DA99A7500760749;
			productRefGroup = 913CF91A1DA99A7500760749 /* Products */;
			projectDirPath = "";
			projectRoot = "";
			targets = (
				913CF9181DA99A7500760749 /* QR_Mapas */,
			);
		};
/* End PBXProject section */

/* Begin PBXResourcesBuildPhase section */
		913CF9171DA99A7500760749 /* Resources */ = {
			isa = PBXResourcesBuildPhase;
			buildActionMask = 2147483647;
			files = (
				913CF92C1DA99A7600760749 /* LaunchScreen.storyboard in Resources */,
				91B99F461DBDA8F400528E0F /* hdar_close.png in Resources */,
				91641C2A1DBE8BDF00973799 /* event.jpg in Resources */,
				91B99F481DBDA8F400528E0F /* hdar_close@3x.png in Resources */,
				913CF9291DA99A7600760749 /* Assets.xcassets in Resources */,
				913CF9271DA99A7600760749 /* Main.storyboard in Resources */,
				91B99F471DBDA8F400528E0F /* hdar_close@2x.png in Resources */,
				91B99F451DBDA8F400528E0F /* DebugMapViewController.xib in Resources */,
			);
			runOnlyForDeploymentPostprocessing = 0;
		};
/* End PBXResourcesBuildPhase section */

/* Begin PBXSourcesBuildPhase section */
		913CF9151DA99A7500760749 /* Sources */ = {
			isa = PBXSourcesBuildPhase;
			buildActionMask = 2147483647;
			files = (
				911CA87B1DAB3A8200A9A0C4 /* NavigationVC.swift in Sources */,
				91B99F4C1DBDBFB100528E0F /* EventsVC.swift in Sources */,
				91B99F391DBDA8E400528E0F /* ARAnnotation.swift in Sources */,
				913CF91D1DA99A7500760749 /* AppDelegate.swift in Sources */,
				91B99F3B1DBDA8E400528E0F /* ARConfiguration.swift in Sources */,
				91641C281DBE8A3F00973799 /* CustomTableViewCell.swift in Sources */,
				91B99F4E1DBDC76A00528E0F /* EventDetailsVC.swift in Sources */,
				913CF9201DA99A7500760749 /* QR_Mapas.xcdatamodeld in Sources */,
				91B99F311DBD440300528E0F /* ShowSavedRouteVC.swift in Sources */,
				913CF9221DA99A7500760749 /* MasterViewController.swift in Sources */,
				91CE55D71DBC09F900B208CC /* SavedRoutesVC.swift in Sources */,
				913CF93C1DAAFB4400760749 /* PINDetailsVC.swift in Sources */,
				91B99F3D1DBDA8E400528E0F /* ARViewController.swift in Sources */,
				913CF9241DA99A7600760749 /* DetailViewController.swift in Sources */,
				91B99F4A1DBDA91A00528E0F /* TestAnnotationView.swift in Sources */,
				91B99F3F1DBDA8EC00528E0F /* DebugMapViewController.swift in Sources */,
				91B99F3C1DBDA8E400528E0F /* ARTrackingManager.swift in Sources */,
				91B99F3A1DBDA8E400528E0F /* ARAnnotationView.swift in Sources */,
				913CF93A1DA9C07400760749 /* MapsVC.swift in Sources */,
			);
			runOnlyForDeploymentPostprocessing = 0;
		};
/* End PBXSourcesBuildPhase section */

/* Begin PBXVariantGroup section */
		913CF9251DA99A7600760749 /* Main.storyboard */ = {
			isa = PBXVariantGroup;
			children = (
				913CF9261DA99A7600760749 /* Base */,
			);
			name = Main.storyboard;
			sourceTree = "<group>";
		};
		913CF92A1DA99A7600760749 /* LaunchScreen.storyboard */ = {
			isa = PBXVariantGroup;
			children = (
				913CF92B1DA99A7600760749 /* Base */,
			);
			name = LaunchScreen.storyboard;
			sourceTree = "<group>";
		};
/* End PBXVariantGroup section */

/* Begin XCBuildConfiguration section */
		913CF92E1DA99A7600760749 /* Debug */ = {
			isa = XCBuildConfiguration;
			buildSettings = {
				ALWAYS_SEARCH_USER_PATHS = NO;
				CLANG_ANALYZER_NONNULL = YES;
				CLANG_CXX_LANGUAGE_STANDARD = "gnu++0x";
				CLANG_CXX_LIBRARY = "libc++";
				CLANG_ENABLE_MODULES = YES;
				CLANG_ENABLE_OBJC_ARC = YES;
				CLANG_WARN_BOOL_CONVERSION = YES;
				CLANG_WARN_CONSTANT_CONVERSION = YES;
				CLANG_WARN_DIRECT_OBJC_ISA_USAGE = YES_ERROR;
				CLANG_WARN_EMPTY_BODY = YES;
				CLANG_WARN_ENUM_CONVERSION = YES;
				CLANG_WARN_INFINITE_RECURSION = YES;
				CLANG_WARN_INT_CONVERSION = YES;
				CLANG_WARN_OBJC_ROOT_CLASS = YES_ERROR;
				CLANG_WARN_SUSPICIOUS_MOVE = YES;
				CLANG_WARN_UNREACHABLE_CODE = YES;
				CLANG_WARN__DUPLICATE_METHOD_MATCH = YES;
				"CODE_SIGN_IDENTITY[sdk=iphoneos*]" = "iPhone Developer";
				COPY_PHASE_STRIP = NO;
				DEBUG_INFORMATION_FORMAT = dwarf;
				ENABLE_STRICT_OBJC_MSGSEND = YES;
				ENABLE_TESTABILITY = YES;
				GCC_C_LANGUAGE_STANDARD = gnu99;
				GCC_DYNAMIC_NO_PIC = NO;
				GCC_NO_COMMON_BLOCKS = YES;
				GCC_OPTIMIZATION_LEVEL = 0;
				GCC_PREPROCESSOR_DEFINITIONS = (
					"DEBUG=1",
					"$(inherited)",
				);
				GCC_WARN_64_TO_32_BIT_CONVERSION = YES;
				GCC_WARN_ABOUT_RETURN_TYPE = YES_ERROR;
				GCC_WARN_UNDECLARED_SELECTOR = YES;
				GCC_WARN_UNINITIALIZED_AUTOS = YES_AGGRESSIVE;
				GCC_WARN_UNUSED_FUNCTION = YES;
				GCC_WARN_UNUSED_VARIABLE = YES;
				IPHONEOS_DEPLOYMENT_TARGET = 10.0;
				MTL_ENABLE_DEBUG_INFO = YES;
				ONLY_ACTIVE_ARCH = YES;
				SDKROOT = iphoneos;
				SWIFT_OPTIMIZATION_LEVEL = "-Onone";
				TARGETED_DEVICE_FAMILY = "1,2";
			};
			name = Debug;
		};
		913CF92F1DA99A7600760749 /* Release */ = {
			isa = XCBuildConfiguration;
			buildSettings = {
				ALWAYS_SEARCH_USER_PATHS = NO;
				CLANG_ANALYZER_NONNULL = YES;
				CLANG_CXX_LANGUAGE_STANDARD = "gnu++0x";
				CLANG_CXX_LIBRARY = "libc++";
				CLANG_ENABLE_MODULES = YES;
				CLANG_ENABLE_OBJC_ARC = YES;
				CLANG_WARN_BOOL_CONVERSION = YES;
				CLANG_WARN_CONSTANT_CONVERSION = YES;
				CLANG_WARN_DIRECT_OBJC_ISA_USAGE = YES_ERROR;
				CLANG_WARN_EMPTY_BODY = YES;
				CLANG_WARN_ENUM_CONVERSION = YES;
				CLANG_WARN_INFINITE_RECURSION = YES;
				CLANG_WARN_INT_CONVERSION = YES;
				CLANG_WARN_OBJC_ROOT_CLASS = YES_ERROR;
				CLANG_WARN_SUSPICIOUS_MOVE = YES;
				CLANG_WARN_UNREACHABLE_CODE = YES;
				CLANG_WARN__DUPLICATE_METHOD_MATCH = YES;
				"CODE_SIGN_IDENTITY[sdk=iphoneos*]" = "iPhone Developer";
				COPY_PHASE_STRIP = NO;
				DEBUG_INFORMATION_FORMAT = "dwarf-with-dsym";
				ENABLE_NS_ASSERTIONS = NO;
				ENABLE_STRICT_OBJC_MSGSEND = YES;
				GCC_C_LANGUAGE_STANDARD = gnu99;
				GCC_NO_COMMON_BLOCKS = YES;
				GCC_WARN_64_TO_32_BIT_CONVERSION = YES;
				GCC_WARN_ABOUT_RETURN_TYPE = YES_ERROR;
				GCC_WARN_UNDECLARED_SELECTOR = YES;
				GCC_WARN_UNINITIALIZED_AUTOS = YES_AGGRESSIVE;
				GCC_WARN_UNUSED_FUNCTION = YES;
				GCC_WARN_UNUSED_VARIABLE = YES;
				IPHONEOS_DEPLOYMENT_TARGET = 10.0;
				MTL_ENABLE_DEBUG_INFO = NO;
				SDKROOT = iphoneos;
				SWIFT_OPTIMIZATION_LEVEL = "-Owholemodule";
				TARGETED_DEVICE_FAMILY = "1,2";
				VALIDATE_PRODUCT = YES;
			};
			name = Release;
		};
		913CF9311DA99A7600760749 /* Debug */ = {
			isa = XCBuildConfiguration;
			buildSettings = {
				ASSETCATALOG_COMPILER_APPICON_NAME = AppIcon;
				CODE_SIGN_ENTITLEMENTS = QR_Mapas/QR_Mapas.entitlements;
				CODE_SIGN_IDENTITY = "iPhone Developer";
				INFOPLIST_FILE = QR_Mapas/Info.plist;
				IPHONEOS_DEPLOYMENT_TARGET = 10.0;
				LD_RUNPATH_SEARCH_PATHS = "$(inherited) @executable_path/Frameworks";
				PRODUCT_BUNDLE_IDENTIFIER = com.fkts.QRMapas;
				PRODUCT_NAME = "$(TARGET_NAME)";
				SWIFT_VERSION = 3.0;
			};
			name = Debug;
		};
		913CF9321DA99A7600760749 /* Release */ = {
			isa = XCBuildConfiguration;
			buildSettings = {
				ASSETCATALOG_COMPILER_APPICON_NAME = AppIcon;
				CODE_SIGN_ENTITLEMENTS = QR_Mapas/QR_Mapas.entitlements;
				CODE_SIGN_IDENTITY = "iPhone Developer";
				INFOPLIST_FILE = QR_Mapas/Info.plist;
				IPHONEOS_DEPLOYMENT_TARGET = 10.0;
				LD_RUNPATH_SEARCH_PATHS = "$(inherited) @executable_path/Frameworks";
				PRODUCT_BUNDLE_IDENTIFIER = com.fkts.QRMapas;
				PRODUCT_NAME = "$(TARGET_NAME)";
				SWIFT_VERSION = 3.0;
			};
			name = Release;
		};
/* End XCBuildConfiguration section */

/* Begin XCConfigurationList section */
		913CF9141DA99A7500760749 /* Build configuration list for PBXProject "QR_Mapas" */ = {
			isa = XCConfigurationList;
			buildConfigurations = (
				913CF92E1DA99A7600760749 /* Debug */,
				913CF92F1DA99A7600760749 /* Release */,
			);
			defaultConfigurationIsVisible = 0;
			defaultConfigurationName = Release;
		};
		913CF9301DA99A7600760749 /* Build configuration list for PBXNativeTarget "QR_Mapas" */ = {
			isa = XCConfigurationList;
			buildConfigurations = (
				913CF9311DA99A7600760749 /* Debug */,
				913CF9321DA99A7600760749 /* Release */,
			);
			defaultConfigurationIsVisible = 0;
			defaultConfigurationName = Release;
		};
/* End XCConfigurationList section */

/* Begin XCVersionGroup section */
		913CF91E1DA99A7500760749 /* QR_Mapas.xcdatamodeld */ = {
			isa = XCVersionGroup;
			children = (
				913CF91F1DA99A7500760749 /* QR_Mapas.xcdatamodel */,
			);
			currentVersion = 913CF91F1DA99A7500760749 /* QR_Mapas.xcdatamodel */;
			path = QR_Mapas.xcdatamodeld;
			sourceTree = "<group>";
			versionGroupType = wrapper.xcdatamodel;
		};
/* End XCVersionGroup section */
	};
	rootObject = 913CF9111DA99A7500760749 /* Project object */;
}
