<?xml version="1.0" encoding="UTF-8"?>
<Scheme
   LastUpgradeVersion = "0800"
   version = "2.0">
   <BuildAction
      parallelizeBuildables = "YES"
      buildImplicitDependencies = "YES">
      <BuildActionEntries>
         <BuildActionEntry
            buildForTesting = "YES"
            buildForRunning = "YES"
            buildForProfiling = "YES"
            buildForArchiving = "YES"
            buildForAnalyzing = "YES">
            <BuildableReference
               BuildableIdentifier = "primary"
               BlueprintIdentifier = "91C9ED731DAB419B000F58E6"
               BuildableName = "QR_Mapas_Watch.app"
               BlueprintName = "QR_Mapas_Watch"
               ReferencedContainer = "container:QR_Mapas.xcodeproj">
            </BuildableReference>
         </BuildActionEntry>
         <BuildActionEntry
            buildForTesting = "YES"
            buildForRunning = "YES"
            buildForProfiling = "YES"
            buildForArchiving = "YES"
            buildForAnalyzing = "YES">
            <BuildableReference
               BuildableIdentifier = "primary"
               BlueprintIdentifier = "913CF9181DA99A7500760749"
               BuildableName = "QR_Mapas.app"
               BlueprintName = "QR_Mapas"
               ReferencedContainer = "container:QR_Mapas.xcodeproj">
            </BuildableReference>
         </BuildActionEntry>
         <BuildActionEntry
            buildForTesting = "YES"
            buildForRunning = "YES"
            buildForProfiling = "YES"
            buildForArchiving = "YES"
            buildForAnalyzing = "YES">
            <BuildableReference
               BuildableIdentifier = "primary"
               BlueprintIdentifier = "91C9ED7F1DAB419C000F58E6"
               BuildableName = "QR_Mapas_Watch Extension.appex"
               BlueprintName = "QR_Mapas_Watch Extension"
               ReferencedContainer = "container:QR_Mapas.xcodeproj">
            </BuildableReference>
         </BuildActionEntry>
      </BuildActionEntries>
   </BuildAction>
   <TestAction
      buildConfiguration = "Debug"
      selectedDebuggerIdentifier = "Xcode.DebuggerFoundation.Debugger.LLDB"
      selectedLauncherIdentifier = "Xcode.DebuggerFoundation.Launcher.LLDB"
      shouldUseLaunchSchemeArgsEnv = "YES">
      <Testables>
      </Testables>
      <MacroExpansion>
         <BuildableReference
            BuildableIdentifier = "primary"
            BlueprintIdentifier = "91C9ED731DAB419B000F58E6"
            BuildableName = "QR_Mapas_Watch.app"
            BlueprintName = "QR_Mapas_Watch"
            ReferencedContainer = "container:QR_Mapas.xcodeproj">
         </BuildableReference>
      </MacroExpansion>
      <AdditionalOptions>
      </AdditionalOptions>
   </TestAction>
   <LaunchAction
      buildConfiguration = "Debug"
      selectedDebuggerIdentifier = "Xcode.DebuggerFoundation.Debugger.LLDB"
      selectedLauncherIdentifier = "Xcode.DebuggerFoundation.Launcher.LLDB"
      launchStyle = "0"
      useCustomWorkingDirectory = "NO"
      ignoresPersistentStateOnLaunch = "NO"
      debugDocumentVersioning = "YES"
      debugServiceExtension = "internal"
      allowLocationSimulation = "YES"
      launchAutomaticallySubstyle = "8"
      notificationPayloadFile = "QR_Mapas_Watch Extension/PushNotificationPayload.apns">
      <RemoteRunnable
         runnableDebuggingMode = "2"
         BundleIdentifier = "com.apple.carousel"
         RemotePath = "/QR_Mapas">
         <BuildableReference
            BuildableIdentifier = "primary"
            BlueprintIdentifier = "91C9ED731DAB419B000F58E6"
            BuildableName = "QR_Mapas_Watch.app"
            BlueprintName = "QR_Mapas_Watch"
            ReferencedContainer = "container:QR_Mapas.xcodeproj">
         </BuildableReference>
      </RemoteRunnable>
      <MacroExpansion>
         <BuildableReference
            BuildableIdentifier = "primary"
            BlueprintIdentifier = "91C9ED731DAB419B000F58E6"
            BuildableName = "QR_Mapas_Watch.app"
            BlueprintName = "QR_Mapas_Watch"
            ReferencedContainer = "container:QR_Mapas.xcodeproj">
         </BuildableReference>
      </MacroExpansion>
      <AdditionalOptions>
      </AdditionalOptions>
   </LaunchAction>
   <ProfileAction
      buildConfiguration = "Release"
      shouldUseLaunchSchemeArgsEnv = "YES"
      savedToolIdentifier = ""
      useCustomWorkingDirectory = "NO"
      debugDocumentVersioning = "YES"
      launchAutomaticallySubstyle = "8"
      notificationPayloadFile = "QR_Mapas_Watch Extension/PushNotificationPayload.apns">
      <RemoteRunnable
         runnableDebuggingMode = "2"
         BundleIdentifier = "com.apple.carousel"
         RemotePath = "/QR_Mapas">
         <BuildableReference
            BuildableIdentifier = "primary"
            BlueprintIdentifier = "91C9ED731DAB419B000F58E6"
            BuildableName = "QR_Mapas_Watch.app"
            BlueprintName = "QR_Mapas_Watch"
            ReferencedContainer = "container:QR_Mapas.xcodeproj">
         </BuildableReference>
      </RemoteRunnable>
      <MacroExpansion>
         <BuildableReference
            BuildableIdentifier = "primary"
            BlueprintIdentifier = "91C9ED731DAB419B000F58E6"
            BuildableName = "QR_Mapas_Watch.app"
            BlueprintName = "QR_Mapas_Watch"
            ReferencedContainer = "container:QR_Mapas.xcodeproj">
         </BuildableReference>
      </MacroExpansion>
   </ProfileAction>
   <AnalyzeAction
      buildConfiguration = "Debug">
   </AnalyzeAction>
   <ArchiveAction
      buildConfiguration = "Release"
      revealArchiveInOrganizer = "YES">
   </ArchiveAction>
</Scheme>
